
Microsoft Visual Studio Solution File, Format Version 12.00
# Visual Studio 15
VisualStudioVersion = 15.0.28307.1684
MinimumVisualStudioVersion = 10.0.40219.1
Project("{FAE04EC0-301F-11D3-BF4B-00C04F79EFBC}") = "Program 01", "Program 01\Program 01.csproj", "{14DBF043-E01C-4194-91FC-F1890C6E7D3B}"
EndProject
Project("{FAE04EC0-301F-11D3-BF4B-00C04F79EFBC}") = "Program 02", "Program 02\Program 02.csproj", "{D7AA93B9-6891-44B8-AE63-CEEF074821A2}"
EndProject
Global
	GlobalSection(SolutionConfigurationPlatforms) = preSolution
		Debug|Any CPU = Debug|Any CPU
		Release|Any CPU = Release|Any CPU
	EndGlobalSection
	GlobalSection(ProjectConfigurationPlatforms) = postSolution
		{14DBF043-E01C-4194-91FC-F1890C6E7D3B}.Debug|Any CPU.ActiveCfg = Debug|Any CPU
		{14DBF043-E01C-4194-91FC-F1890C6E7D3B}.Debug|Any CPU.Build.0 = Debug|Any CPU
		{14DBF043-E01C-4194-91FC-F1890C6E7D3B}.Release|Any CPU.ActiveCfg = Release|Any CPU
		{14DBF043-E01C-4194-91FC-F1890C6E7D3B}.Release|Any CPU.Build.0 = Release|Any CPU
		{D7AA93B9-6891-44B8-AE63-CEEF074821A2}.Debug|Any CPU.ActiveCfg = Debug|Any CPU
		{D7AA93B9-6891-44B8-AE63-CEEF074821A2}.Debug|Any CPU.Build.0 = Debug|Any CPU
		{D7AA93B9-6891-44B8-AE63-CEEF074821A2}.Release|Any CPU.ActiveCfg = Release|Any CPU
		{D7AA93B9-6891-44B8-AE63-CEEF074821A2}.Release|Any CPU.Build.0 = Release|Any CPU
	EndGlobalSection
	GlobalSection(SolutionProperties) = preSolution
		HideSolutionNode = FALSE
	EndGlobalSection
	GlobalSection(ExtensibilityGlobals) = postSolution
		SolutionGuid = {68A4E04D-8685-47BE-9AA5-CDCBCAB68A75}
	EndGlobalSection
EndGlobal
