
Microsoft Visual Studio Solution File, Format Version 12.00
# Visual Studio 15
VisualStudioVersion = 15.0.28307.1684
MinimumVisualStudioVersion = 10.0.40219.1
Project("{FAE04EC0-301F-11D3-BF4B-00C04F79EFBC}") = "Assign04Chapter 04", "Assign04Chapter 04\Assign04Chapter 04.csproj", "{61F06C9A-E961-45B9-8A1D-957D2DEFA60C}"
EndProject
Global
	GlobalSection(SolutionConfigurationPlatforms) = preSolution
		Debug|Any CPU = Debug|Any CPU
		Release|Any CPU = Release|Any CPU
	EndGlobalSection
	GlobalSection(ProjectConfigurationPlatforms) = postSolution
		{61F06C9A-E961-45B9-8A1D-957D2DEFA60C}.Debug|Any CPU.ActiveCfg = Debug|Any CPU
		{61F06C9A-E961-45B9-8A1D-957D2DEFA60C}.Debug|Any CPU.Build.0 = Debug|Any CPU
		{61F06C9A-E961-45B9-8A1D-957D2DEFA60C}.Release|Any CPU.ActiveCfg = Release|Any CPU
		{61F06C9A-E961-45B9-8A1D-957D2DEFA60C}.Release|Any CPU.Build.0 = Release|Any CPU
	EndGlobalSection
	GlobalSection(SolutionProperties) = preSolution
		HideSolutionNode = FALSE
	EndGlobalSection
	GlobalSection(ExtensibilityGlobals) = postSolution
		SolutionGuid = {9BFD99F1-92CD-4196-8323-308F3374C770}
	EndGlobalSection
EndGlobal
